
Microsoft Visual Studio Solution File, Format Version 12.00
Project("{FAE04EC0-301F-11D3-BF4B-00C04F79EFBC}") = "Resyslib.IO", "Resyslib.IO\Resyslib.IO.csproj", "{3FEADAE7-6CCE-4016-875B-41F2351737C9}"
EndProject
Project("{FAE04EC0-301F-11D3-BF4B-00C04F79EFBC}") = "Resyslib.IO.Core", "Resyslib.IO.Core\Resyslib.IO.Core.csproj", "{006B63F8-1004-49DF-AFE4-57CB3E54141A}"
EndProject
Project("{2150E333-8FDC-42A3-9474-1A3956D46DE8}") = "tests", "tests", "{3BCEF571-91FF-44DF-8072-5011D1F55B68}"
EndProject
Project("{2150E333-8FDC-42A3-9474-1A3956D46DE8}") = "src", "src", "{E7B5B33E-021C-42FA-83A3-C73FE51C9925}"
EndProject
Project("{FAE04EC0-301F-11D3-BF4B-00C04F79EFBC}") = "Resyslib.IO.Tests", "..\tests\Resyslib.IO.Tests\Resyslib.IO.Tests.csproj", "{A801583F-7CD7-4064-81C5-5DBFAA170303}"
EndProject
Global
	GlobalSection(SolutionConfigurationPlatforms) = preSolution
		Debug|Any CPU = Debug|Any CPU
		Release|Any CPU = Release|Any CPU
	EndGlobalSection
	GlobalSection(ProjectConfigurationPlatforms) = postSolution
		{3FEADAE7-6CCE-4016-875B-41F2351737C9}.Debug|Any CPU.ActiveCfg = Debug|Any CPU
		{3FEADAE7-6CCE-4016-875B-41F2351737C9}.Debug|Any CPU.Build.0 = Debug|Any CPU
		{3FEADAE7-6CCE-4016-875B-41F2351737C9}.Release|Any CPU.ActiveCfg = Release|Any CPU
		{3FEADAE7-6CCE-4016-875B-41F2351737C9}.Release|Any CPU.Build.0 = Release|Any CPU
		{006B63F8-1004-49DF-AFE4-57CB3E54141A}.Debug|Any CPU.ActiveCfg = Debug|Any CPU
		{006B63F8-1004-49DF-AFE4-57CB3E54141A}.Debug|Any CPU.Build.0 = Debug|Any CPU
		{006B63F8-1004-49DF-AFE4-57CB3E54141A}.Release|Any CPU.ActiveCfg = Release|Any CPU
		{006B63F8-1004-49DF-AFE4-57CB3E54141A}.Release|Any CPU.Build.0 = Release|Any CPU
		{A801583F-7CD7-4064-81C5-5DBFAA170303}.Debug|Any CPU.ActiveCfg = Debug|Any CPU
		{A801583F-7CD7-4064-81C5-5DBFAA170303}.Debug|Any CPU.Build.0 = Debug|Any CPU
		{A801583F-7CD7-4064-81C5-5DBFAA170303}.Release|Any CPU.ActiveCfg = Release|Any CPU
		{A801583F-7CD7-4064-81C5-5DBFAA170303}.Release|Any CPU.Build.0 = Release|Any CPU
	EndGlobalSection
	GlobalSection(NestedProjects) = preSolution
		{3FEADAE7-6CCE-4016-875B-41F2351737C9} = {E7B5B33E-021C-42FA-83A3-C73FE51C9925}
		{006B63F8-1004-49DF-AFE4-57CB3E54141A} = {E7B5B33E-021C-42FA-83A3-C73FE51C9925}
		{A801583F-7CD7-4064-81C5-5DBFAA170303} = {3BCEF571-91FF-44DF-8072-5011D1F55B68}
	EndGlobalSection
EndGlobal
